
Microsoft Visual Studio Solution File, Format Version 12.00
# Visual Studio Version 16
VisualStudioVersion = 16.0.30204.135
MinimumVisualStudioVersion = 10.0.40219.1
Project("{FAE04EC0-301F-11D3-BF4B-00C04F79EFBC}") = "QuizServerSide", "QuizServerSide\QuizServerSide.csproj", "{9D99DBF7-0663-4ADA-9EF9-71B571BFC9EF}"
EndProject
Global
	GlobalSection(SolutionConfigurationPlatforms) = preSolution
		Debug|Any CPU = Debug|Any CPU
		Release|Any CPU = Release|Any CPU
	EndGlobalSection
	GlobalSection(ProjectConfigurationPlatforms) = postSolution
		{9D99DBF7-0663-4ADA-9EF9-71B571BFC9EF}.Debug|Any CPU.ActiveCfg = Debug|Any CPU
		{9D99DBF7-0663-4ADA-9EF9-71B571BFC9EF}.Debug|Any CPU.Build.0 = Debug|Any CPU
		{9D99DBF7-0663-4ADA-9EF9-71B571BFC9EF}.Release|Any CPU.ActiveCfg = Release|Any CPU
		{9D99DBF7-0663-4ADA-9EF9-71B571BFC9EF}.Release|Any CPU.Build.0 = Release|Any CPU
	EndGlobalSection
	GlobalSection(SolutionProperties) = preSolution
		HideSolutionNode = FALSE
	EndGlobalSection
	GlobalSection(ExtensibilityGlobals) = postSolution
		SolutionGuid = {D0817691-F96F-4611-8F63-4F0DE07A0B3D}
	EndGlobalSection
EndGlobal
